
Microsoft Visual Studio Solution File, Format Version 12.00
# Visual Studio Version 16
VisualStudioVersion = 16.0.29230.47
MinimumVisualStudioVersion = 10.0.40219.1
Project("{FAE04EC0-301F-11D3-BF4B-00C04F79EFBC}") = "div2_editorial_round_77", "div2_editorial_round_77.csproj", "{C6090981-A196-4E97-9BE6-D068087DA862}"
EndProject
Global
	GlobalSection(SolutionConfigurationPlatforms) = preSolution
		Debug|Any CPU = Debug|Any CPU
		Release|Any CPU = Release|Any CPU
	EndGlobalSection
	GlobalSection(ProjectConfigurationPlatforms) = postSolution
		{C6090981-A196-4E97-9BE6-D068087DA862}.Debug|Any CPU.ActiveCfg = Debug|Any CPU
		{C6090981-A196-4E97-9BE6-D068087DA862}.Debug|Any CPU.Build.0 = Debug|Any CPU
		{C6090981-A196-4E97-9BE6-D068087DA862}.Release|Any CPU.ActiveCfg = Release|Any CPU
		{C6090981-A196-4E97-9BE6-D068087DA862}.Release|Any CPU.Build.0 = Release|Any CPU
	EndGlobalSection
	GlobalSection(SolutionProperties) = preSolution
		HideSolutionNode = FALSE
	EndGlobalSection
	GlobalSection(ExtensibilityGlobals) = postSolution
		SolutionGuid = {76F946E2-3C7D-4AE4-8351-CD55862EA387}
	EndGlobalSection
EndGlobal
