
Microsoft Visual Studio Solution File, Format Version 12.00
# Visual Studio Version 16
VisualStudioVersion = 16.0.29230.47
MinimumVisualStudioVersion = 10.0.40219.1
Project("{FAE04EC0-301F-11D3-BF4B-00C04F79EFBC}") = "algorithms_700_01", "algorithms_700_01.csproj", "{0419228D-E5FF-4C4F-9EE6-158B2DF1FBA2}"
EndProject
Global
	GlobalSection(SolutionConfigurationPlatforms) = preSolution
		Debug|Any CPU = Debug|Any CPU
		Release|Any CPU = Release|Any CPU
	EndGlobalSection
	GlobalSection(ProjectConfigurationPlatforms) = postSolution
		{0419228D-E5FF-4C4F-9EE6-158B2DF1FBA2}.Debug|Any CPU.ActiveCfg = Debug|Any CPU
		{0419228D-E5FF-4C4F-9EE6-158B2DF1FBA2}.Debug|Any CPU.Build.0 = Debug|Any CPU
		{0419228D-E5FF-4C4F-9EE6-158B2DF1FBA2}.Release|Any CPU.ActiveCfg = Release|Any CPU
		{0419228D-E5FF-4C4F-9EE6-158B2DF1FBA2}.Release|Any CPU.Build.0 = Release|Any CPU
	EndGlobalSection
	GlobalSection(SolutionProperties) = preSolution
		HideSolutionNode = FALSE
	EndGlobalSection
	GlobalSection(ExtensibilityGlobals) = postSolution
		SolutionGuid = {AB7CE1E0-B70C-4828-9A55-3CE359E97F37}
	EndGlobalSection
EndGlobal
