
Microsoft Visual Studio Solution File, Format Version 12.00
# Visual Studio Version 16
VisualStudioVersion = 16.0.29230.47
MinimumVisualStudioVersion = 10.0.40219.1
Project("{FAE04EC0-301F-11D3-BF4B-00C04F79EFBC}") = "algorithms_600_01", "algorithms_600_01.csproj", "{00CA13CE-5EC0-4B1F-8879-D30F58AD0489}"
EndProject
Global
	GlobalSection(SolutionConfigurationPlatforms) = preSolution
		Debug|Any CPU = Debug|Any CPU
		Release|Any CPU = Release|Any CPU
	EndGlobalSection
	GlobalSection(ProjectConfigurationPlatforms) = postSolution
		{00CA13CE-5EC0-4B1F-8879-D30F58AD0489}.Debug|Any CPU.ActiveCfg = Debug|Any CPU
		{00CA13CE-5EC0-4B1F-8879-D30F58AD0489}.Debug|Any CPU.Build.0 = Debug|Any CPU
		{00CA13CE-5EC0-4B1F-8879-D30F58AD0489}.Release|Any CPU.ActiveCfg = Release|Any CPU
		{00CA13CE-5EC0-4B1F-8879-D30F58AD0489}.Release|Any CPU.Build.0 = Release|Any CPU
	EndGlobalSection
	GlobalSection(SolutionProperties) = preSolution
		HideSolutionNode = FALSE
	EndGlobalSection
	GlobalSection(ExtensibilityGlobals) = postSolution
		SolutionGuid = {2A70C2B7-82D5-4A94-857B-BA972F1C6CC5}
	EndGlobalSection
EndGlobal
